{
    "version": 3,
    "terraform_version": "0.11.7",
    "serial": 5,
    "lineage": "076b4277-7765-005a-f75e-71807567bd41",
    "modules": [
        {
            "path": [
                "root"
            ],
            "outputs": {
                "aws_elb_public_dns": {
                    "sensitive": false,
                    "type": "string",
                    "value": "httpd-elb-191553901.us-west-1.elb.amazonaws.com"
                }
            },
            "resources": {
                "aws_elb.web": {
                    "type": "aws_elb",
                    "depends_on": [
                        "aws_instance.httpd1",
                        "aws_instance.httpd2",
                        "aws_security_group.elb-sg",
                        "aws_subnet.subnet1",
                        "aws_subnet.subnet2"
                    ],
                    "primary": {
                        "id": "httpd-elb",
                        "attributes": {
                            "access_logs.#": "0",
                            "arn": "arn:aws:elasticloadbalancing:us-west-1:572348488008:loadbalancer/httpd-elb",
                            "availability_zones.#": "2",
                            "availability_zones.1360892230": "us-west-1c",
                            "availability_zones.3205754986": "us-west-1a",
                            "connection_draining": "false",
                            "connection_draining_timeout": "300",
                            "cross_zone_load_balancing": "true",
                            "dns_name": "httpd-elb-191553901.us-west-1.elb.amazonaws.com",
                            "health_check.#": "1",
                            "health_check.0.healthy_threshold": "10",
                            "health_check.0.interval": "30",
                            "health_check.0.target": "TCP:80",
                            "health_check.0.timeout": "5",
                            "health_check.0.unhealthy_threshold": "2",
                            "id": "httpd-elb",
                            "idle_timeout": "60",
                            "instances.#": "2",
                            "instances.2910979257": "i-08221893baa9559cd",
                            "instances.421826403": "i-01e91d825081e96f3",
                            "internal": "false",
                            "listener.#": "1",
                            "listener.3057123346.instance_port": "80",
                            "listener.3057123346.instance_protocol": "http",
                            "listener.3057123346.lb_port": "80",
                            "listener.3057123346.lb_protocol": "http",
                            "listener.3057123346.ssl_certificate_id": "",
                            "name": "httpd-elb",
                            "security_groups.#": "1",
                            "security_groups.1279322874": "sg-0e65f5a121a852adc",
                            "source_security_group": "572348488008/httpd_elb_sg",
                            "source_security_group_id": "sg-0e65f5a121a852adc",
                            "subnets.#": "2",
                            "subnets.472720894": "subnet-0103a6a3a2b4f4636",
                            "subnets.837040494": "subnet-0cf51c9990563fe9f",
                            "tags.%": "0",
                            "zone_id": "Z368ELLRRE2KJ0"
                        },
                        "meta": {},
                        "tainted": false
                    },
                    "deposed": [],
                    "provider": "provider.aws"
                },
                "aws_instance.httpd1": {
                    "type": "aws_instance",
                    "depends_on": [
                        "aws_security_group.httpd-sg",
                        "aws_subnet.subnet1"
                    ],
                    "primary": {
                        "id": "i-01e91d825081e96f3",
                        "attributes": {
                            "ami": "ami-824c4ee2",
                            "associate_public_ip_address": "true",
                            "availability_zone": "us-west-1a",
                            "credit_specification.#": "1",
                            "credit_specification.0.cpu_credits": "standard",
                            "disable_api_termination": "false",
                            "ebs_block_device.#": "0",
                            "ebs_optimized": "false",
                            "ephemeral_block_device.#": "0",
                            "get_password_data": "false",
                            "iam_instance_profile": "",
                            "id": "i-01e91d825081e96f3",
                            "instance_state": "running",
                            "instance_type": "t2.micro",
                            "ipv6_addresses.#": "0",
                            "key_name": "vish_techops_key",
                            "monitoring": "false",
                            "network_interface.#": "0",
                            "network_interface_id": "eni-01a917fb18f22e1f3",
                            "password_data": "",
                            "placement_group": "",
                            "primary_network_interface_id": "eni-01a917fb18f22e1f3",
                            "private_dns": "ip-10-10-1-172.us-west-1.compute.internal",
                            "private_ip": "10.10.1.172",
                            "public_dns": "ec2-54-183-110-172.us-west-1.compute.amazonaws.com",
                            "public_ip": "54.183.110.172",
                            "root_block_device.#": "1",
                            "root_block_device.0.delete_on_termination": "true",
                            "root_block_device.0.iops": "100",
                            "root_block_device.0.volume_id": "vol-0ac63a2f7e6b0a7a9",
                            "root_block_device.0.volume_size": "8",
                            "root_block_device.0.volume_type": "gp2",
                            "security_groups.#": "0",
                            "source_dest_check": "true",
                            "subnet_id": "subnet-0103a6a3a2b4f4636",
                            "tags.%": "0",
                            "tenancy": "default",
                            "volume_tags.%": "0",
                            "vpc_security_group_ids.#": "1",
                            "vpc_security_group_ids.578670564": "sg-01bc191eafd6f3a17"
                        },
                        "meta": {
                            "e2bfb730-ecaa-11e6-8f88-34363bc7c4c0": {
                                "create": 600000000000,
                                "delete": 1200000000000,
                                "update": 600000000000
                            },
                            "schema_version": "1"
                        },
                        "tainted": false
                    },
                    "deposed": [],
                    "provider": "provider.aws"
                },
                "aws_instance.httpd2": {
                    "type": "aws_instance",
                    "depends_on": [
                        "aws_security_group.httpd-sg",
                        "aws_subnet.subnet2"
                    ],
                    "primary": {
                        "id": "i-08221893baa9559cd",
                        "attributes": {
                            "ami": "ami-824c4ee2",
                            "associate_public_ip_address": "true",
                            "availability_zone": "us-west-1c",
                            "credit_specification.#": "1",
                            "credit_specification.0.cpu_credits": "standard",
                            "disable_api_termination": "false",
                            "ebs_block_device.#": "0",
                            "ebs_optimized": "false",
                            "ephemeral_block_device.#": "0",
                            "get_password_data": "false",
                            "iam_instance_profile": "",
                            "id": "i-08221893baa9559cd",
                            "instance_state": "running",
                            "instance_type": "t2.micro",
                            "ipv6_addresses.#": "0",
                            "key_name": "vish_techops_key",
                            "monitoring": "false",
                            "network_interface.#": "0",
                            "network_interface_id": "eni-0026ba32dfc18a98f",
                            "password_data": "",
                            "placement_group": "",
                            "primary_network_interface_id": "eni-0026ba32dfc18a98f",
                            "private_dns": "ip-10-10-2-138.us-west-1.compute.internal",
                            "private_ip": "10.10.2.138",
                            "public_dns": "ec2-54-241-141-63.us-west-1.compute.amazonaws.com",
                            "public_ip": "54.241.141.63",
                            "root_block_device.#": "1",
                            "root_block_device.0.delete_on_termination": "true",
                            "root_block_device.0.iops": "100",
                            "root_block_device.0.volume_id": "vol-01dfc34f82be1260d",
                            "root_block_device.0.volume_size": "8",
                            "root_block_device.0.volume_type": "gp2",
                            "security_groups.#": "0",
                            "source_dest_check": "true",
                            "subnet_id": "subnet-0cf51c9990563fe9f",
                            "tags.%": "0",
                            "tenancy": "default",
                            "volume_tags.%": "0",
                            "vpc_security_group_ids.#": "1",
                            "vpc_security_group_ids.578670564": "sg-01bc191eafd6f3a17"
                        },
                        "meta": {
                            "e2bfb730-ecaa-11e6-8f88-34363bc7c4c0": {
                                "create": 600000000000,
                                "delete": 1200000000000,
                                "update": 600000000000
                            },
                            "schema_version": "1"
                        },
                        "tainted": false
                    },
                    "deposed": [],
                    "provider": "provider.aws"
                },
                "aws_internet_gateway.igw": {
                    "type": "aws_internet_gateway",
                    "depends_on": [
                        "aws_vpc.vpc"
                    ],
                    "primary": {
                        "id": "igw-049764ece764d35ec",
                        "attributes": {
                            "id": "igw-049764ece764d35ec",
                            "tags.%": "0",
                            "vpc_id": "vpc-0a52b8f11fc5850a6"
                        },
                        "meta": {},
                        "tainted": false
                    },
                    "deposed": [],
                    "provider": "provider.aws"
                },
                "aws_route_table.rtb": {
                    "type": "aws_route_table",
                    "depends_on": [
                        "aws_internet_gateway.igw",
                        "aws_vpc.vpc"
                    ],
                    "primary": {
                        "id": "rtb-0b267e6d70a58a47d",
                        "attributes": {
                            "id": "rtb-0b267e6d70a58a47d",
                            "propagating_vgws.#": "0",
                            "route.#": "1",
                            "route.2877008109.cidr_block": "0.0.0.0/0",
                            "route.2877008109.egress_only_gateway_id": "",
                            "route.2877008109.gateway_id": "igw-049764ece764d35ec",
                            "route.2877008109.instance_id": "",
                            "route.2877008109.ipv6_cidr_block": "",
                            "route.2877008109.nat_gateway_id": "",
                            "route.2877008109.network_interface_id": "",
                            "route.2877008109.vpc_peering_connection_id": "",
                            "tags.%": "0",
                            "vpc_id": "vpc-0a52b8f11fc5850a6"
                        },
                        "meta": {},
                        "tainted": false
                    },
                    "deposed": [],
                    "provider": "provider.aws"
                },
                "aws_route_table_association.rta-subnet1": {
                    "type": "aws_route_table_association",
                    "depends_on": [
                        "aws_route_table.rtb",
                        "aws_subnet.subnet1"
                    ],
                    "primary": {
                        "id": "rtbassoc-0addb89cc66580996",
                        "attributes": {
                            "id": "rtbassoc-0addb89cc66580996",
                            "route_table_id": "rtb-0b267e6d70a58a47d",
                            "subnet_id": "subnet-0103a6a3a2b4f4636"
                        },
                        "meta": {},
                        "tainted": false
                    },
                    "deposed": [],
                    "provider": "provider.aws"
                },
                "aws_route_table_association.rta-subnet2": {
                    "type": "aws_route_table_association",
                    "depends_on": [
                        "aws_route_table.rtb",
                        "aws_subnet.subnet2"
                    ],
                    "primary": {
                        "id": "rtbassoc-0d4b2795dd03bdc23",
                        "attributes": {
                            "id": "rtbassoc-0d4b2795dd03bdc23",
                            "route_table_id": "rtb-0b267e6d70a58a47d",
                            "subnet_id": "subnet-0cf51c9990563fe9f"
                        },
                        "meta": {},
                        "tainted": false
                    },
                    "deposed": [],
                    "provider": "provider.aws"
                },
                "aws_security_group.elb-sg": {
                    "type": "aws_security_group",
                    "depends_on": [
                        "aws_vpc.vpc"
                    ],
                    "primary": {
                        "id": "sg-0e65f5a121a852adc",
                        "attributes": {
                            "arn": "arn:aws:ec2:us-west-1:572348488008:security-group/sg-0e65f5a121a852adc",
                            "description": "Managed by Terraform",
                            "egress.#": "1",
                            "egress.482069346.cidr_blocks.#": "1",
                            "egress.482069346.cidr_blocks.0": "0.0.0.0/0",
                            "egress.482069346.description": "",
                            "egress.482069346.from_port": "0",
                            "egress.482069346.ipv6_cidr_blocks.#": "0",
                            "egress.482069346.prefix_list_ids.#": "0",
                            "egress.482069346.protocol": "-1",
                            "egress.482069346.security_groups.#": "0",
                            "egress.482069346.self": "false",
                            "egress.482069346.to_port": "0",
                            "id": "sg-0e65f5a121a852adc",
                            "ingress.#": "1",
                            "ingress.2214680975.cidr_blocks.#": "1",
                            "ingress.2214680975.cidr_blocks.0": "0.0.0.0/0",
                            "ingress.2214680975.description": "",
                            "ingress.2214680975.from_port": "80",
                            "ingress.2214680975.ipv6_cidr_blocks.#": "0",
                            "ingress.2214680975.protocol": "tcp",
                            "ingress.2214680975.security_groups.#": "0",
                            "ingress.2214680975.self": "false",
                            "ingress.2214680975.to_port": "80",
                            "name": "httpd_elb_sg",
                            "owner_id": "572348488008",
                            "revoke_rules_on_delete": "false",
                            "tags.%": "0",
                            "vpc_id": "vpc-0a52b8f11fc5850a6"
                        },
                        "meta": {
                            "e2bfb730-ecaa-11e6-8f88-34363bc7c4c0": {
                                "create": 600000000000,
                                "delete": 600000000000
                            },
                            "schema_version": "1"
                        },
                        "tainted": false
                    },
                    "deposed": [],
                    "provider": "provider.aws"
                },
                "aws_security_group.httpd-sg": {
                    "type": "aws_security_group",
                    "depends_on": [
                        "aws_vpc.vpc"
                    ],
                    "primary": {
                        "id": "sg-01bc191eafd6f3a17",
                        "attributes": {
                            "arn": "arn:aws:ec2:us-west-1:572348488008:security-group/sg-01bc191eafd6f3a17",
                            "description": "Managed by Terraform",
                            "egress.#": "1",
                            "egress.482069346.cidr_blocks.#": "1",
                            "egress.482069346.cidr_blocks.0": "0.0.0.0/0",
                            "egress.482069346.description": "",
                            "egress.482069346.from_port": "0",
                            "egress.482069346.ipv6_cidr_blocks.#": "0",
                            "egress.482069346.prefix_list_ids.#": "0",
                            "egress.482069346.protocol": "-1",
                            "egress.482069346.security_groups.#": "0",
                            "egress.482069346.self": "false",
                            "egress.482069346.to_port": "0",
                            "id": "sg-01bc191eafd6f3a17",
                            "ingress.#": "2",
                            "ingress.2482231526.cidr_blocks.#": "1",
                            "ingress.2482231526.cidr_blocks.0": "10.10.0.0/16",
                            "ingress.2482231526.description": "",
                            "ingress.2482231526.from_port": "80",
                            "ingress.2482231526.ipv6_cidr_blocks.#": "0",
                            "ingress.2482231526.protocol": "tcp",
                            "ingress.2482231526.security_groups.#": "0",
                            "ingress.2482231526.self": "false",
                            "ingress.2482231526.to_port": "80",
                            "ingress.2541437006.cidr_blocks.#": "1",
                            "ingress.2541437006.cidr_blocks.0": "0.0.0.0/0",
                            "ingress.2541437006.description": "",
                            "ingress.2541437006.from_port": "22",
                            "ingress.2541437006.ipv6_cidr_blocks.#": "0",
                            "ingress.2541437006.protocol": "tcp",
                            "ingress.2541437006.security_groups.#": "0",
                            "ingress.2541437006.self": "false",
                            "ingress.2541437006.to_port": "22",
                            "name": "httpd_sg",
                            "owner_id": "572348488008",
                            "revoke_rules_on_delete": "false",
                            "tags.%": "0",
                            "vpc_id": "vpc-0a52b8f11fc5850a6"
                        },
                        "meta": {
                            "e2bfb730-ecaa-11e6-8f88-34363bc7c4c0": {
                                "create": 600000000000,
                                "delete": 600000000000
                            },
                            "schema_version": "1"
                        },
                        "tainted": false
                    },
                    "deposed": [],
                    "provider": "provider.aws"
                },
                "aws_subnet.subnet1": {
                    "type": "aws_subnet",
                    "depends_on": [
                        "aws_vpc.vpc",
                        "data.aws_availability_zones.available"
                    ],
                    "primary": {
                        "id": "subnet-0103a6a3a2b4f4636",
                        "attributes": {
                            "assign_ipv6_address_on_creation": "false",
                            "availability_zone": "us-west-1a",
                            "cidr_block": "10.10.1.0/24",
                            "id": "subnet-0103a6a3a2b4f4636",
                            "map_public_ip_on_launch": "true",
                            "tags.%": "0",
                            "vpc_id": "vpc-0a52b8f11fc5850a6"
                        },
                        "meta": {
                            "schema_version": "1"
                        },
                        "tainted": false
                    },
                    "deposed": [],
                    "provider": "provider.aws"
                },
                "aws_subnet.subnet2": {
                    "type": "aws_subnet",
                    "depends_on": [
                        "aws_vpc.vpc",
                        "data.aws_availability_zones.available"
                    ],
                    "primary": {
                        "id": "subnet-0cf51c9990563fe9f",
                        "attributes": {
                            "assign_ipv6_address_on_creation": "false",
                            "availability_zone": "us-west-1c",
                            "cidr_block": "10.10.2.0/24",
                            "id": "subnet-0cf51c9990563fe9f",
                            "map_public_ip_on_launch": "true",
                            "tags.%": "0",
                            "vpc_id": "vpc-0a52b8f11fc5850a6"
                        },
                        "meta": {
                            "schema_version": "1"
                        },
                        "tainted": false
                    },
                    "deposed": [],
                    "provider": "provider.aws"
                },
                "aws_vpc.vpc": {
                    "type": "aws_vpc",
                    "depends_on": [],
                    "primary": {
                        "id": "vpc-0a52b8f11fc5850a6",
                        "attributes": {
                            "assign_generated_ipv6_cidr_block": "false",
                            "cidr_block": "10.10.0.0/16",
                            "default_network_acl_id": "acl-0f76194f67035b22f",
                            "default_route_table_id": "rtb-0d044c13c2d408c74",
                            "default_security_group_id": "sg-055beb9af28987c04",
                            "dhcp_options_id": "dopt-78f5701f",
                            "enable_classiclink": "false",
                            "enable_classiclink_dns_support": "false",
                            "enable_dns_hostnames": "true",
                            "enable_dns_support": "true",
                            "id": "vpc-0a52b8f11fc5850a6",
                            "instance_tenancy": "default",
                            "main_route_table_id": "rtb-0d044c13c2d408c74",
                            "tags.%": "0"
                        },
                        "meta": {
                            "schema_version": "1"
                        },
                        "tainted": false
                    },
                    "deposed": [],
                    "provider": "provider.aws"
                },
                "data.aws_availability_zones.available": {
                    "type": "aws_availability_zones",
                    "depends_on": [],
                    "primary": {
                        "id": "2018-07-02 02:51:55.346043309 +0000 UTC",
                        "attributes": {
                            "id": "2018-07-02 02:51:55.346043309 +0000 UTC",
                            "names.#": "2",
                            "names.0": "us-west-1a",
                            "names.1": "us-west-1c"
                        },
                        "meta": {},
                        "tainted": false
                    },
                    "deposed": [],
                    "provider": "provider.aws"
                }
            },
            "depends_on": []
        }
    ]
}
